
Microsoft Visual Studio Solution File, Format Version 12.00
# Visual Studio Version 16
VisualStudioVersion = 16.0.29609.76
MinimumVisualStudioVersion = 10.0.40219.1
Project("{FAE04EC0-301F-11D3-BF4B-00C04F79EFBC}") = "OA_NumeralShop.UI", "OA_NumeralsHOP\OA_NumeralShop.UI.csproj", "{E744BDC4-6BB4-4B60-9655-4A1A75BFA810}"
EndProject
Project("{FAE04EC0-301F-11D3-BF4B-00C04F79EFBC}") = "OA_NumeralShop.Model", "OA_NumeralShop.Model\OA_NumeralShop.Model.csproj", "{8B2F124E-CD6A-4332-AC75-2C6B08C9A84E}"
EndProject
Project("{FAE04EC0-301F-11D3-BF4B-00C04F79EFBC}") = "OA_NumeralShop.Dal", "OA_NumeralShop.Dal\OA_NumeralShop.Dal.csproj", "{7E8E7025-E202-4CDF-A96F-6B55CF286A3E}"
EndProject
Project("{FAE04EC0-301F-11D3-BF4B-00C04F79EFBC}") = "OA_NumeralShop.Bll", "OA_NumeralShop.Bll\OA_NumeralShop.Bll.csproj", "{60A25521-DB7B-4AD1-929F-752EE9110E9E}"
EndProject
Project("{FAE04EC0-301F-11D3-BF4B-00C04F79EFBC}") = "OA_Shop_Web_Api", "OA_Shop_Web_Api\OA_Shop_Web_Api.csproj", "{66D68D63-C881-4CCE-B853-550CB6C35B10}"
EndProject
Global
	GlobalSection(SolutionConfigurationPlatforms) = preSolution
		Debug|Any CPU = Debug|Any CPU
		Release|Any CPU = Release|Any CPU
	EndGlobalSection
	GlobalSection(ProjectConfigurationPlatforms) = postSolution
		{E744BDC4-6BB4-4B60-9655-4A1A75BFA810}.Debug|Any CPU.ActiveCfg = Debug|Any CPU
		{E744BDC4-6BB4-4B60-9655-4A1A75BFA810}.Debug|Any CPU.Build.0 = Debug|Any CPU
		{E744BDC4-6BB4-4B60-9655-4A1A75BFA810}.Release|Any CPU.ActiveCfg = Release|Any CPU
		{E744BDC4-6BB4-4B60-9655-4A1A75BFA810}.Release|Any CPU.Build.0 = Release|Any CPU
		{8B2F124E-CD6A-4332-AC75-2C6B08C9A84E}.Debug|Any CPU.ActiveCfg = Debug|Any CPU
		{8B2F124E-CD6A-4332-AC75-2C6B08C9A84E}.Debug|Any CPU.Build.0 = Debug|Any CPU
		{8B2F124E-CD6A-4332-AC75-2C6B08C9A84E}.Release|Any CPU.ActiveCfg = Release|Any CPU
		{8B2F124E-CD6A-4332-AC75-2C6B08C9A84E}.Release|Any CPU.Build.0 = Release|Any CPU
		{7E8E7025-E202-4CDF-A96F-6B55CF286A3E}.Debug|Any CPU.ActiveCfg = Debug|Any CPU
		{7E8E7025-E202-4CDF-A96F-6B55CF286A3E}.Debug|Any CPU.Build.0 = Debug|Any CPU
		{7E8E7025-E202-4CDF-A96F-6B55CF286A3E}.Release|Any CPU.ActiveCfg = Release|Any CPU
		{7E8E7025-E202-4CDF-A96F-6B55CF286A3E}.Release|Any CPU.Build.0 = Release|Any CPU
		{60A25521-DB7B-4AD1-929F-752EE9110E9E}.Debug|Any CPU.ActiveCfg = Debug|Any CPU
		{60A25521-DB7B-4AD1-929F-752EE9110E9E}.Debug|Any CPU.Build.0 = Debug|Any CPU
		{60A25521-DB7B-4AD1-929F-752EE9110E9E}.Release|Any CPU.ActiveCfg = Release|Any CPU
		{60A25521-DB7B-4AD1-929F-752EE9110E9E}.Release|Any CPU.Build.0 = Release|Any CPU
		{66D68D63-C881-4CCE-B853-550CB6C35B10}.Debug|Any CPU.ActiveCfg = Debug|Any CPU
		{66D68D63-C881-4CCE-B853-550CB6C35B10}.Debug|Any CPU.Build.0 = Debug|Any CPU
		{66D68D63-C881-4CCE-B853-550CB6C35B10}.Release|Any CPU.ActiveCfg = Release|Any CPU
		{66D68D63-C881-4CCE-B853-550CB6C35B10}.Release|Any CPU.Build.0 = Release|Any CPU
	EndGlobalSection
	GlobalSection(SolutionProperties) = preSolution
		HideSolutionNode = FALSE
	EndGlobalSection
	GlobalSection(ExtensibilityGlobals) = postSolution
		SolutionGuid = {A8115336-C8C9-4262-92A3-C5D760C35C75}
	EndGlobalSection
EndGlobal
